
Microsoft Visual Studio Solution File, Format Version 12.00
# Visual Studio 2013
VisualStudioVersion = 12.0.31101.0
MinimumVisualStudioVersion = 10.0.40219.1
Project("{FAE04EC0-301F-11D3-BF4B-00C04F79EFBC}") = "NancyDemo", "NancyDemo\NancyDemo.csproj", "{1AAE9280-BB13-4AB6-84EC-C4A9B49F8007}"
EndProject
Project("{FAE04EC0-301F-11D3-BF4B-00C04F79EFBC}") = "NancyDemo.Modules", "NancyDemo.Modules\NancyDemo.Modules.csproj", "{82C1DAE9-4A89-46BA-9F3A-8350A49B4508}"
EndProject
Project("{FAE04EC0-301F-11D3-BF4B-00C04F79EFBC}") = "NancyDemo.Services", "NancyDemo.Services\NancyDemo.Services.csproj", "{16D1CCC4-3966-4201-8D6A-F0CBD29C1B94}"
EndProject
Project("{FAE04EC0-301F-11D3-BF4B-00C04F79EFBC}") = "Nancy.Demo.Data", "Nancy.Demo.Data\Nancy.Demo.Data.csproj", "{1AB86AFD-EF97-46C2-9872-8543D3655BFB}"
EndProject
Project("{FAE04EC0-301F-11D3-BF4B-00C04F79EFBC}") = "NancyDemo.Data.Framework", "NancyDemo.Data.Framework\NancyDemo.Data.Framework.csproj", "{456B2871-3D7F-46CA-BE25-6E629A2821E5}"
EndProject
Project("{FAE04EC0-301F-11D3-BF4B-00C04F79EFBC}") = "Nancy.Demo.Domain", "Nancy.Demo.Domain\Nancy.Demo.Domain.csproj", "{ED9764C8-7D74-4235-9A08-D4A7FA12C448}"
EndProject
Global
	GlobalSection(SolutionConfigurationPlatforms) = preSolution
		Debug|Any CPU = Debug|Any CPU
		Release|Any CPU = Release|Any CPU
	EndGlobalSection
	GlobalSection(ProjectConfigurationPlatforms) = postSolution
		{1AAE9280-BB13-4AB6-84EC-C4A9B49F8007}.Debug|Any CPU.ActiveCfg = Debug|Any CPU
		{1AAE9280-BB13-4AB6-84EC-C4A9B49F8007}.Debug|Any CPU.Build.0 = Debug|Any CPU
		{1AAE9280-BB13-4AB6-84EC-C4A9B49F8007}.Release|Any CPU.ActiveCfg = Release|Any CPU
		{1AAE9280-BB13-4AB6-84EC-C4A9B49F8007}.Release|Any CPU.Build.0 = Release|Any CPU
		{82C1DAE9-4A89-46BA-9F3A-8350A49B4508}.Debug|Any CPU.ActiveCfg = Debug|Any CPU
		{82C1DAE9-4A89-46BA-9F3A-8350A49B4508}.Debug|Any CPU.Build.0 = Debug|Any CPU
		{82C1DAE9-4A89-46BA-9F3A-8350A49B4508}.Release|Any CPU.ActiveCfg = Release|Any CPU
		{82C1DAE9-4A89-46BA-9F3A-8350A49B4508}.Release|Any CPU.Build.0 = Release|Any CPU
		{16D1CCC4-3966-4201-8D6A-F0CBD29C1B94}.Debug|Any CPU.ActiveCfg = Debug|Any CPU
		{16D1CCC4-3966-4201-8D6A-F0CBD29C1B94}.Debug|Any CPU.Build.0 = Debug|Any CPU
		{16D1CCC4-3966-4201-8D6A-F0CBD29C1B94}.Release|Any CPU.ActiveCfg = Release|Any CPU
		{16D1CCC4-3966-4201-8D6A-F0CBD29C1B94}.Release|Any CPU.Build.0 = Release|Any CPU
		{1AB86AFD-EF97-46C2-9872-8543D3655BFB}.Debug|Any CPU.ActiveCfg = Debug|Any CPU
		{1AB86AFD-EF97-46C2-9872-8543D3655BFB}.Debug|Any CPU.Build.0 = Debug|Any CPU
		{1AB86AFD-EF97-46C2-9872-8543D3655BFB}.Release|Any CPU.ActiveCfg = Release|Any CPU
		{1AB86AFD-EF97-46C2-9872-8543D3655BFB}.Release|Any CPU.Build.0 = Release|Any CPU
		{456B2871-3D7F-46CA-BE25-6E629A2821E5}.Debug|Any CPU.ActiveCfg = Debug|Any CPU
		{456B2871-3D7F-46CA-BE25-6E629A2821E5}.Debug|Any CPU.Build.0 = Debug|Any CPU
		{456B2871-3D7F-46CA-BE25-6E629A2821E5}.Release|Any CPU.ActiveCfg = Release|Any CPU
		{456B2871-3D7F-46CA-BE25-6E629A2821E5}.Release|Any CPU.Build.0 = Release|Any CPU
		{ED9764C8-7D74-4235-9A08-D4A7FA12C448}.Debug|Any CPU.ActiveCfg = Debug|Any CPU
		{ED9764C8-7D74-4235-9A08-D4A7FA12C448}.Debug|Any CPU.Build.0 = Debug|Any CPU
		{ED9764C8-7D74-4235-9A08-D4A7FA12C448}.Release|Any CPU.ActiveCfg = Release|Any CPU
		{ED9764C8-7D74-4235-9A08-D4A7FA12C448}.Release|Any CPU.Build.0 = Release|Any CPU
	EndGlobalSection
	GlobalSection(SolutionProperties) = preSolution
		HideSolutionNode = FALSE
	EndGlobalSection
EndGlobal
